
Microsoft Visual Studio Solution File, Format Version 12.00
Project("{FAE04EC0-301F-11D3-BF4B-00C04F79EFBC}") = "GardenCal", "GardenCal\GardenCal.csproj", "{4CF5708F-9C7F-4875-977A-F3CD4F86C65D}"
EndProject
Global
	GlobalSection(SolutionConfigurationPlatforms) = preSolution
		Debug|Any CPU = Debug|Any CPU
		Release|Any CPU = Release|Any CPU
	EndGlobalSection
	GlobalSection(ProjectConfigurationPlatforms) = postSolution
		{4CF5708F-9C7F-4875-977A-F3CD4F86C65D}.Debug|Any CPU.ActiveCfg = Debug|Any CPU
		{4CF5708F-9C7F-4875-977A-F3CD4F86C65D}.Debug|Any CPU.Build.0 = Debug|Any CPU
		{4CF5708F-9C7F-4875-977A-F3CD4F86C65D}.Release|Any CPU.ActiveCfg = Release|Any CPU
		{4CF5708F-9C7F-4875-977A-F3CD4F86C65D}.Release|Any CPU.Build.0 = Release|Any CPU
	EndGlobalSection
EndGlobal
